Microsoft Visual Studio Solution File, Format Version 11.00
# Visual Studio 2008

Project("{4FBD5F4C-75B9-6C56-12E0-37401B39BBDA}") = "Unity 5 - Tutorial Navigation System", "Assembly-CSharp.csproj", "{FDB67B12-19B0-C3AE-9ABC-E5E0A026B906}"
EndProject
Global
	GlobalSection(SolutionConfigurationPlatforms) = preSolution
		Debug|Any CPU = Debug|Any CPU
		Release|Any CPU = Release|Any CPU
	EndGlobalSection
	GlobalSection(ProjectConfigurationPlatforms) = postSolution
		{FDB67B12-19B0-C3AE-9ABC-E5E0A026B906}.Debug|Any CPU.ActiveCfg = Debug|Any CPU
		{FDB67B12-19B0-C3AE-9ABC-E5E0A026B906}.Debug|Any CPU.Build.0 = Debug|Any CPU
		{FDB67B12-19B0-C3AE-9ABC-E5E0A026B906}.Release|Any CPU.ActiveCfg = Release|Any CPU
		{FDB67B12-19B0-C3AE-9ABC-E5E0A026B906}.Release|Any CPU.Build.0 = Release|Any CPU
	EndGlobalSection
	GlobalSection(SolutionProperties) = preSolution
		HideSolutionNode = FALSE
	EndGlobalSection
	GlobalSection(MonoDevelopProperties) = preSolution
		StartupItem = Assembly-CSharp.csproj
	EndGlobalSection
EndGlobal
